
Microsoft Visual Studio Solution File, Format Version 12.00
# Visual Studio Version 17
VisualStudioVersion = 17.11.35312.102
MinimumVisualStudioVersion = 10.0.40219.1
Project("{8BC9CEB8-8B4A-11D0-8D11-00A0C91BC942}") = "2.32", "2.32\2.32.vcxproj", "{0E4DB0DD-D778-4C22-82A7-A3F2800F423B}"
EndProject
Global
	GlobalSection(SolutionConfigurationPlatforms) = preSolution
		Debug|x64 = Debug|x64
		Debug|x86 = Debug|x86
		Release|x64 = Release|x64
		Release|x86 = Release|x86
	EndGlobalSection
	GlobalSection(ProjectConfigurationPlatforms) = postSolution
		{0E4DB0DD-D778-4C22-82A7-A3F2800F423B}.Debug|x64.ActiveCfg = Debug|x64
		{0E4DB0DD-D778-4C22-82A7-A3F2800F423B}.Debug|x64.Build.0 = Debug|x64
		{0E4DB0DD-D778-4C22-82A7-A3F2800F423B}.Debug|x86.ActiveCfg = Debug|Win32
		{0E4DB0DD-D778-4C22-82A7-A3F2800F423B}.Debug|x86.Build.0 = Debug|Win32
		{0E4DB0DD-D778-4C22-82A7-A3F2800F423B}.Release|x64.ActiveCfg = Release|x64
		{0E4DB0DD-D778-4C22-82A7-A3F2800F423B}.Release|x64.Build.0 = Release|x64
		{0E4DB0DD-D778-4C22-82A7-A3F2800F423B}.Release|x86.ActiveCfg = Release|Win32
		{0E4DB0DD-D778-4C22-82A7-A3F2800F423B}.Release|x86.Build.0 = Release|Win32
	EndGlobalSection
	GlobalSection(SolutionProperties) = preSolution
		HideSolutionNode = FALSE
	EndGlobalSection
	GlobalSection(ExtensibilityGlobals) = postSolution
		SolutionGuid = {0A9B9472-B095-4C09-9C16-18D9DB9635D0}
	EndGlobalSection
EndGlobal
