
Microsoft Visual Studio Solution File, Format Version 12.00
# Visual Studio Version 17
VisualStudioVersion = 17.11.35312.102
MinimumVisualStudioVersion = 10.0.40219.1
Project("{8BC9CEB8-8B4A-11D0-8D11-00A0C91BC942}") = "2.21", "2.21\2.21.vcxproj", "{FEEE81DB-0BDB-4B78-933F-7B497B427463}"
EndProject
Global
	GlobalSection(SolutionConfigurationPlatforms) = preSolution
		Debug|x64 = Debug|x64
		Debug|x86 = Debug|x86
		Release|x64 = Release|x64
		Release|x86 = Release|x86
	EndGlobalSection
	GlobalSection(ProjectConfigurationPlatforms) = postSolution
		{FEEE81DB-0BDB-4B78-933F-7B497B427463}.Debug|x64.ActiveCfg = Debug|x64
		{FEEE81DB-0BDB-4B78-933F-7B497B427463}.Debug|x64.Build.0 = Debug|x64
		{FEEE81DB-0BDB-4B78-933F-7B497B427463}.Debug|x86.ActiveCfg = Debug|Win32
		{FEEE81DB-0BDB-4B78-933F-7B497B427463}.Debug|x86.Build.0 = Debug|Win32
		{FEEE81DB-0BDB-4B78-933F-7B497B427463}.Release|x64.ActiveCfg = Release|x64
		{FEEE81DB-0BDB-4B78-933F-7B497B427463}.Release|x64.Build.0 = Release|x64
		{FEEE81DB-0BDB-4B78-933F-7B497B427463}.Release|x86.ActiveCfg = Release|Win32
		{FEEE81DB-0BDB-4B78-933F-7B497B427463}.Release|x86.Build.0 = Release|Win32
	EndGlobalSection
	GlobalSection(SolutionProperties) = preSolution
		HideSolutionNode = FALSE
	EndGlobalSection
	GlobalSection(ExtensibilityGlobals) = postSolution
		SolutionGuid = {F06C421C-4DAC-4B78-8CDF-4A9A833DF7AD}
	EndGlobalSection
EndGlobal
